{
  "lockfileVersion": 1,
  "configVersion": 1,
  "workspaces": {
    "": {
      "name": "neurotic-docx-bench-docxodus",
      "dependencies": {
        "docxodus": "9.0.0",
      },
    },
  },
  "packages": {
    "docxodus": ["docxodus@9.0.0", "", { "peerDependencies": { "react": ">=16.8.0" }, "optionalPeers": ["react"] }, "sha512-3Q/0sn0qRrF6YfsVxjMBNsSbW5RlmTkxmRDUM1XT07zoWLLngkxK0KlITrYtYTSTQNwn455cPksovFUrE+zTSQ=="],
  }
}
